
Microsoft Visual Studio Solution File, Format Version 12.00
# Visual Studio Version 16
VisualStudioVersion = 16.0.31729.503
MinimumVisualStudioVersion = 10.0.40219.1
Project("{FAE04EC0-301F-11D3-BF4B-00C04F79EFBC}") = "Asm-PIIT-PhamDucThang-T2009M", "Asm-PIIT-PhamDucThang-T2009M\Asm-PIIT-PhamDucThang-T2009M.csproj", "{74DB9524-4832-4357-BAE3-93C3596EC158}"
EndProject
Global
	GlobalSection(SolutionConfigurationPlatforms) = preSolution
		Debug|Any CPU = Debug|Any CPU
		Release|Any CPU = Release|Any CPU
	EndGlobalSection
	GlobalSection(ProjectConfigurationPlatforms) = postSolution
		{74DB9524-4832-4357-BAE3-93C3596EC158}.Debug|Any CPU.ActiveCfg = Debug|Any CPU
		{74DB9524-4832-4357-BAE3-93C3596EC158}.Debug|Any CPU.Build.0 = Debug|Any CPU
		{74DB9524-4832-4357-BAE3-93C3596EC158}.Release|Any CPU.ActiveCfg = Release|Any CPU
		{74DB9524-4832-4357-BAE3-93C3596EC158}.Release|Any CPU.Build.0 = Release|Any CPU
	EndGlobalSection
	GlobalSection(SolutionProperties) = preSolution
		HideSolutionNode = FALSE
	EndGlobalSection
	GlobalSection(ExtensibilityGlobals) = postSolution
		SolutionGuid = {A3F05530-FE46-4866-A8F0-2B7845AF2669}
	EndGlobalSection
EndGlobal
